
Microsoft Visual Studio Solution File, Format Version 12.00
# Visual Studio 15
VisualStudioVersion = 15.0.27130.2027
MinimumVisualStudioVersion = 10.0.40219.1
Project("{FAE04EC0-301F-11D3-BF4B-00C04F79EFBC}") = "Task1", "Task1\Task1.csproj", "{7EF67656-B000-4711-A0E4-22550D292AFD}"
EndProject
Project("{FAE04EC0-301F-11D3-BF4B-00C04F79EFBC}") = "Task2", "Task2\Task2.csproj", "{456540D3-9DF1-42DF-9516-31A3F06918E8}"
EndProject
Project("{FAE04EC0-301F-11D3-BF4B-00C04F79EFBC}") = "Task3", "Task3\Task3.csproj", "{C9723966-1BD0-4A40-A9F4-21B7C206A28F}"
EndProject
Project("{FAE04EC0-301F-11D3-BF4B-00C04F79EFBC}") = "Task4", "Task4\Task4.csproj", "{8E218D05-38B0-48AC-888F-4E8B5842DEE4}"
EndProject
Global
	GlobalSection(SolutionConfigurationPlatforms) = preSolution
		Debug|Any CPU = Debug|Any CPU
		Release|Any CPU = Release|Any CPU
	EndGlobalSection
	GlobalSection(ProjectConfigurationPlatforms) = postSolution
		{7EF67656-B000-4711-A0E4-22550D292AFD}.Debug|Any CPU.ActiveCfg = Debug|Any CPU
		{7EF67656-B000-4711-A0E4-22550D292AFD}.Debug|Any CPU.Build.0 = Debug|Any CPU
		{7EF67656-B000-4711-A0E4-22550D292AFD}.Release|Any CPU.ActiveCfg = Release|Any CPU
		{7EF67656-B000-4711-A0E4-22550D292AFD}.Release|Any CPU.Build.0 = Release|Any CPU
		{456540D3-9DF1-42DF-9516-31A3F06918E8}.Debug|Any CPU.ActiveCfg = Debug|Any CPU
		{456540D3-9DF1-42DF-9516-31A3F06918E8}.Debug|Any CPU.Build.0 = Debug|Any CPU
		{456540D3-9DF1-42DF-9516-31A3F06918E8}.Release|Any CPU.ActiveCfg = Release|Any CPU
		{456540D3-9DF1-42DF-9516-31A3F06918E8}.Release|Any CPU.Build.0 = Release|Any CPU
		{C9723966-1BD0-4A40-A9F4-21B7C206A28F}.Debug|Any CPU.ActiveCfg = Debug|Any CPU
		{C9723966-1BD0-4A40-A9F4-21B7C206A28F}.Debug|Any CPU.Build.0 = Debug|Any CPU
		{C9723966-1BD0-4A40-A9F4-21B7C206A28F}.Release|Any CPU.ActiveCfg = Release|Any CPU
		{C9723966-1BD0-4A40-A9F4-21B7C206A28F}.Release|Any CPU.Build.0 = Release|Any CPU
		{8E218D05-38B0-48AC-888F-4E8B5842DEE4}.Debug|Any CPU.ActiveCfg = Debug|Any CPU
		{8E218D05-38B0-48AC-888F-4E8B5842DEE4}.Debug|Any CPU.Build.0 = Debug|Any CPU
		{8E218D05-38B0-48AC-888F-4E8B5842DEE4}.Release|Any CPU.ActiveCfg = Release|Any CPU
		{8E218D05-38B0-48AC-888F-4E8B5842DEE4}.Release|Any CPU.Build.0 = Release|Any CPU
	EndGlobalSection
	GlobalSection(SolutionProperties) = preSolution
		HideSolutionNode = FALSE
	EndGlobalSection
	GlobalSection(ExtensibilityGlobals) = postSolution
		SolutionGuid = {1CC1CFF7-553D-47B3-B393-B20EB0BD0134}
	EndGlobalSection
EndGlobal
