
Microsoft Visual Studio Solution File, Format Version 12.00
# Visual Studio 15
VisualStudioVersion = 15.0.27130.2036
MinimumVisualStudioVersion = 10.0.40219.1
Project("{FAE04EC0-301F-11D3-BF4B-00C04F79EFBC}") = "Task1", "Task1\Task1.csproj", "{2FBEDAEB-AA28-4B1C-80DC-E5621C31C93D}"
EndProject
Project("{FAE04EC0-301F-11D3-BF4B-00C04F79EFBC}") = "Task2", "Task2\Task2.csproj", "{7886EA38-E548-4619-860D-A204A4C9FCD5}"
EndProject
Global
	GlobalSection(SolutionConfigurationPlatforms) = preSolution
		Debug|Any CPU = Debug|Any CPU
		Release|Any CPU = Release|Any CPU
	EndGlobalSection
	GlobalSection(ProjectConfigurationPlatforms) = postSolution
		{2FBEDAEB-AA28-4B1C-80DC-E5621C31C93D}.Debug|Any CPU.ActiveCfg = Debug|Any CPU
		{2FBEDAEB-AA28-4B1C-80DC-E5621C31C93D}.Debug|Any CPU.Build.0 = Debug|Any CPU
		{2FBEDAEB-AA28-4B1C-80DC-E5621C31C93D}.Release|Any CPU.ActiveCfg = Release|Any CPU
		{2FBEDAEB-AA28-4B1C-80DC-E5621C31C93D}.Release|Any CPU.Build.0 = Release|Any CPU
		{7886EA38-E548-4619-860D-A204A4C9FCD5}.Debug|Any CPU.ActiveCfg = Debug|Any CPU
		{7886EA38-E548-4619-860D-A204A4C9FCD5}.Debug|Any CPU.Build.0 = Debug|Any CPU
		{7886EA38-E548-4619-860D-A204A4C9FCD5}.Release|Any CPU.ActiveCfg = Release|Any CPU
		{7886EA38-E548-4619-860D-A204A4C9FCD5}.Release|Any CPU.Build.0 = Release|Any CPU
	EndGlobalSection
	GlobalSection(SolutionProperties) = preSolution
		HideSolutionNode = FALSE
	EndGlobalSection
	GlobalSection(ExtensibilityGlobals) = postSolution
		SolutionGuid = {BAC61E09-5F25-4CC2-802E-A0938D35AA98}
	EndGlobalSection
EndGlobal
