
Microsoft Visual Studio Solution File, Format Version 12.00
# Visual Studio 15
VisualStudioVersion = 15.0.27428.2027
MinimumVisualStudioVersion = 10.0.40219.1
Project("{FAE04EC0-301F-11D3-BF4B-00C04F79EFBC}") = "Task1", "Task1\Task1.csproj", "{45D639B8-3A63-478B-BC1D-0F5D3A7BF08B}"
EndProject
Global
	GlobalSection(SolutionConfigurationPlatforms) = preSolution
		Debug|Any CPU = Debug|Any CPU
		Release|Any CPU = Release|Any CPU
	EndGlobalSection
	GlobalSection(ProjectConfigurationPlatforms) = postSolution
		{45D639B8-3A63-478B-BC1D-0F5D3A7BF08B}.Debug|Any CPU.ActiveCfg = Debug|Any CPU
		{45D639B8-3A63-478B-BC1D-0F5D3A7BF08B}.Debug|Any CPU.Build.0 = Debug|Any CPU
		{45D639B8-3A63-478B-BC1D-0F5D3A7BF08B}.Release|Any CPU.ActiveCfg = Release|Any CPU
		{45D639B8-3A63-478B-BC1D-0F5D3A7BF08B}.Release|Any CPU.Build.0 = Release|Any CPU
	EndGlobalSection
	GlobalSection(SolutionProperties) = preSolution
		HideSolutionNode = FALSE
	EndGlobalSection
	GlobalSection(ExtensibilityGlobals) = postSolution
		SolutionGuid = {521FFE38-4F9B-438E-93E1-25EB1C5987A8}
	EndGlobalSection
EndGlobal
